{
  "version": 4,
  "terraform_version": "0.13.4",
  "serial": 9,
  "lineage": "555dc87c-5e44-2f68-427d-a7da9c2202b8",
  "outputs": {},
  "resources": [
    {
      "mode": "managed",
      "type": "aws_instance",
      "name": "example",
      "provider": "provider[\"registry.terraform.io/hashicorp/aws\"]",
      "instances": [
        {
          "schema_version": 1,
          "attributes": {
            "ami": "ami-0817d428a6fb68645",
            "arn": "arn:aws:ec2:us-east-1:865005344630:instance/i-037a1b2091b26d76c",
            "associate_public_ip_address": true,
            "availability_zone": "us-east-1d",
            "cpu_core_count": 1,
            "cpu_threads_per_core": 1,
            "credit_specification": [
              {
                "cpu_credits": "standard"
              }
            ],
            "disable_api_termination": false,
            "ebs_block_device": [],
            "ebs_optimized": false,
            "ephemeral_block_device": [],
            "get_password_data": false,
            "hibernation": false,
            "host_id": null,
            "iam_instance_profile": "",
            "id": "i-037a1b2091b26d76c",
            "instance_initiated_shutdown_behavior": null,
            "instance_state": "running",
            "instance_type": "t2.micro",
            "ipv6_address_count": 0,
            "ipv6_addresses": [],
            "key_name": "",
            "metadata_options": [
              {
                "http_endpoint": "enabled",
                "http_put_response_hop_limit": 1,
                "http_tokens": "optional"
              }
            ],
            "monitoring": false,
            "network_interface": [],
            "network_interface_id": null,
            "outpost_arn": "",
            "password_data": "",
            "placement_group": "",
            "primary_network_interface_id": "eni-03fd229880838cca9",
            "private_dns": "ip-172-31-27-100.ec2.internal",
            "private_ip": "172.31.27.100",
            "public_dns": "ec2-3-94-169-187.compute-1.amazonaws.com",
            "public_ip": "3.94.169.187",
            "root_block_device": [
              {
                "delete_on_termination": true,
                "device_name": "/dev/sda1",
                "encrypted": false,
                "iops": 100,
                "kms_key_id": "",
                "volume_id": "vol-0b5ccbfe421cb88f8",
                "volume_size": 8,
                "volume_type": "gp2"
              }
            ],
            "security_groups": [
              "default"
            ],
            "source_dest_check": true,
            "subnet_id": "subnet-d592e198",
            "tags": {},
            "tenancy": "default",
            "timeouts": null,
            "user_data": null,
            "user_data_base64": null,
            "volume_tags": {},
            "vpc_security_group_ids": [
              "sg-af0da592"
            ]
          },
          "private": "eyJlMmJmYjczMC1lY2FhLTExZTYtOGY4OC0zNDM2M2JjN2M0YzAiOnsiY3JlYXRlIjo2MDAwMDAwMDAwMDAsImRlbGV0ZSI6MTIwMDAwMDAwMDAwMCwidXBkYXRlIjo2MDAwMDAwMDAwMDB9LCJzY2hlbWFfdmVyc2lvbiI6IjEifQ=="
        }
      ]
    },
    {
      "mode": "managed",
      "type": "azurerm_network_interface",
      "name": "nic",
      "provider": "provider[\"registry.terraform.io/hashicorp/azurerm\"]",
      "instances": [
        {
          "schema_version": 0,
          "attributes": {
            "applied_dns_servers": [],
            "dns_servers": [],
            "enable_accelerated_networking": false,
            "enable_ip_forwarding": false,
            "id": "/subscriptions/d48c6169-9975-47ce-a286-81eb0bc92ea3/resourceGroups/rg-MyFirstTerraform/providers/Microsoft.Network/networkInterfaces/nic-01-vmterraform-dev-001",
            "internal_dns_name_label": "",
            "internal_fqdn": "",
            "ip_configuration": [
              {
                "application_gateway_backend_address_pools_ids": [],
                "application_security_group_ids": [],
                "load_balancer_backend_address_pools_ids": [],
                "load_balancer_inbound_nat_rules_ids": [],
                "name": "niccfg-vmterraform",
                "primary": true,
                "private_ip_address": "10.0.0.4",
                "private_ip_address_allocation": "dynamic",
                "private_ip_address_version": "IPv4",
                "public_ip_address_id": "/subscriptions/d48c6169-9975-47ce-a286-81eb0bc92ea3/resourceGroups/rg-MyFirstTerraform/providers/Microsoft.Network/publicIPAddresses/pip-vmterraform-dev-westus2-001",
                "subnet_id": "/subscriptions/d48c6169-9975-47ce-a286-81eb0bc92ea3/resourceGroups/rg-MyFirstTerraform/providers/Microsoft.Network/virtualNetworks/vnet-dev-westus2-001/subnets/snet-dev-westus2-001"
              }
            ],
            "location": "westus2",
            "mac_address": "",
            "name": "nic-01-vmterraform-dev-001",
            "network_security_group_id": "/subscriptions/d48c6169-9975-47ce-a286-81eb0bc92ea3/resourceGroups/rg-MyFirstTerraform/providers/Microsoft.Network/networkSecurityGroups/nsg-sshallow-001",
            "private_ip_address": "10.0.0.4",
            "private_ip_addresses": [
              "10.0.0.4"
            ],
            "resource_group_name": "rg-MyFirstTerraform",
            "tags": {},
            "virtual_machine_id": null
          },
          "private": "bnVsbA==",
          "dependencies": [
            "azurerm_network_security_group.nsg",
            "azurerm_public_ip.publicip",
            "azurerm_resource_group.rg",
            "azurerm_subnet.subnet",
            "azurerm_virtual_network.vnet"
          ]
        }
      ]
    },
    {
      "mode": "managed",
      "type": "azurerm_network_security_group",
      "name": "nsg",
      "provider": "provider[\"registry.terraform.io/hashicorp/azurerm\"]",
      "instances": [
        {
          "schema_version": 0,
          "attributes": {
            "id": "/subscriptions/d48c6169-9975-47ce-a286-81eb0bc92ea3/resourceGroups/rg-MyFirstTerraform/providers/Microsoft.Network/networkSecurityGroups/nsg-sshallow-001",
            "location": "westus2",
            "name": "nsg-sshallow-001",
            "resource_group_name": "rg-MyFirstTerraform",
            "security_rule": [
              {
                "access": "Allow",
                "description": "",
                "destination_address_prefix": "*",
                "destination_address_prefixes": [],
                "destination_application_security_group_ids": [],
                "destination_port_range": "22",
                "destination_port_ranges": [],
                "direction": "Inbound",
                "name": "SSH",
                "priority": 1001,
                "protocol": "Tcp",
                "source_address_prefix": "*",
                "source_address_prefixes": [],
                "source_application_security_group_ids": [],
                "source_port_range": "*",
                "source_port_ranges": []
              }
            ],
            "tags": {}
          },
          "private": "bnVsbA==",
          "dependencies": [
            "azurerm_resource_group.rg"
          ]
        }
      ]
    },
    {
      "mode": "managed",
      "type": "azurerm_public_ip",
      "name": "publicip",
      "provider": "provider[\"registry.terraform.io/hashicorp/azurerm\"]",
      "instances": [
        {
          "schema_version": 0,
          "attributes": {
            "allocation_method": "Static",
            "domain_name_label": null,
            "fqdn": null,
            "id": "/subscriptions/d48c6169-9975-47ce-a286-81eb0bc92ea3/resourceGroups/rg-MyFirstTerraform/providers/Microsoft.Network/publicIPAddresses/pip-vmterraform-dev-westus2-001",
            "idle_timeout_in_minutes": 4,
            "ip_address": "40.65.108.124",
            "ip_version": "IPv4",
            "location": "westus2",
            "name": "pip-vmterraform-dev-westus2-001",
            "public_ip_address_allocation": "Static",
            "public_ip_prefix_id": null,
            "resource_group_name": "rg-MyFirstTerraform",
            "reverse_fqdn": null,
            "sku": "Basic",
            "tags": {},
            "zones": null
          },
          "private": "bnVsbA==",
          "dependencies": [
            "azurerm_resource_group.rg"
          ]
        }
      ]
    },
    {
      "mode": "managed",
      "type": "azurerm_resource_group",
      "name": "rg",
      "provider": "provider[\"registry.terraform.io/hashicorp/azurerm\"]",
      "instances": [
        {
          "schema_version": 0,
          "attributes": {
            "id": "/subscriptions/d48c6169-9975-47ce-a286-81eb0bc92ea3/resourceGroups/rg-MyFirstTerraform",
            "location": "westus2",
            "name": "rg-MyFirstTerraform",
            "tags": {
              "Environment": "Terraform Demo"
            }
          },
          "private": "bnVsbA=="
        }
      ]
    },
    {
      "mode": "managed",
      "type": "azurerm_subnet",
      "name": "subnet",
      "provider": "provider[\"registry.terraform.io/hashicorp/azurerm\"]",
      "instances": [
        {
          "schema_version": 0,
          "attributes": {
            "address_prefix": "10.0.0.0/24",
            "delegation": [],
            "enforce_private_link_endpoint_network_policies": false,
            "enforce_private_link_service_network_policies": false,
            "id": "/subscriptions/d48c6169-9975-47ce-a286-81eb0bc92ea3/resourceGroups/rg-MyFirstTerraform/providers/Microsoft.Network/virtualNetworks/vnet-dev-westus2-001/subnets/snet-dev-westus2-001",
            "ip_configurations": [],
            "name": "snet-dev-westus2-001",
            "network_security_group_id": "",
            "resource_group_name": "rg-MyFirstTerraform",
            "route_table_id": "",
            "service_endpoints": null,
            "virtual_network_name": "vnet-dev-westus2-001"
          },
          "private": "bnVsbA==",
          "dependencies": [
            "azurerm_resource_group.rg",
            "azurerm_virtual_network.vnet"
          ]
        }
      ]
    },
    {
      "mode": "managed",
      "type": "azurerm_virtual_machine",
      "name": "vm",
      "provider": "provider[\"registry.terraform.io/hashicorp/azurerm\"]",
      "instances": [
        {
          "schema_version": 0,
          "attributes": {
            "additional_capabilities": [],
            "availability_set_id": null,
            "boot_diagnostics": [],
            "delete_data_disks_on_termination": false,
            "delete_os_disk_on_termination": false,
            "id": "/subscriptions/d48c6169-9975-47ce-a286-81eb0bc92ea3/resourceGroups/rg-MyFirstTerraform/providers/Microsoft.Compute/virtualMachines/vmterraform",
            "identity": [],
            "license_type": null,
            "location": "westus2",
            "name": "vmterraform",
            "network_interface_ids": [
              "/subscriptions/d48c6169-9975-47ce-a286-81eb0bc92ea3/resourceGroups/rg-MyFirstTerraform/providers/Microsoft.Network/networkInterfaces/nic-01-vmterraform-dev-001"
            ],
            "os_profile": [
              {
                "admin_password": "",
                "admin_username": "terrauser",
                "computer_name": "vmterraform",
                "custom_data": ""
              }
            ],
            "os_profile_linux_config": [
              {
                "disable_password_authentication": false,
                "ssh_keys": []
              }
            ],
            "os_profile_secrets": [],
            "os_profile_windows_config": [],
            "plan": [],
            "primary_network_interface_id": null,
            "proximity_placement_group_id": null,
            "resource_group_name": "rg-MyFirstTerraform",
            "storage_data_disk": [],
            "storage_image_reference": [
              {
                "id": "",
                "offer": "UbuntuServer",
                "publisher": "Canonical",
                "sku": "16.04.0-LTS",
                "version": "latest"
              }
            ],
            "storage_os_disk": [
              {
                "caching": "ReadWrite",
                "create_option": "FromImage",
                "disk_size_gb": 30,
                "image_uri": "",
                "managed_disk_id": "/subscriptions/d48c6169-9975-47ce-a286-81eb0bc92ea3/resourceGroups/RG-MYFIRSTTERRAFORM/providers/Microsoft.Compute/disks/stvmpmvmterraformos",
                "managed_disk_type": "Premium_LRS",
                "name": "stvmpmvmterraformos",
                "os_type": "Linux",
                "vhd_uri": "",
                "write_accelerator_enabled": false
              }
            ],
            "tags": {},
            "vm_size": "Standard_B1s",
            "zones": null
          },
          "private": "bnVsbA==",
          "dependencies": [
            "azurerm_network_interface.nic",
            "azurerm_network_security_group.nsg",
            "azurerm_public_ip.publicip",
            "azurerm_resource_group.rg",
            "azurerm_subnet.subnet",
            "azurerm_virtual_network.vnet"
          ]
        }
      ]
    },
    {
      "mode": "managed",
      "type": "azurerm_virtual_network",
      "name": "vnet",
      "provider": "provider[\"registry.terraform.io/hashicorp/azurerm\"]",
      "instances": [
        {
          "schema_version": 0,
          "attributes": {
            "address_space": [
              "10.0.0.0/16"
            ],
            "ddos_protection_plan": [],
            "dns_servers": null,
            "id": "/subscriptions/d48c6169-9975-47ce-a286-81eb0bc92ea3/resourceGroups/rg-MyFirstTerraform/providers/Microsoft.Network/virtualNetworks/vnet-dev-westus2-001",
            "location": "westus2",
            "name": "vnet-dev-westus2-001",
            "resource_group_name": "rg-MyFirstTerraform",
            "subnet": [],
            "tags": {}
          },
          "private": "bnVsbA==",
          "dependencies": [
            "azurerm_resource_group.rg"
          ]
        }
      ]
    }
  ]
}
